// !$*UTF8*$!
{
	archiveVersion = 1;
	classes = {
	};
	objectVersion = 46;
	objects = {

/* Begin PBXBuildFile section */
		270619FA193F6C07005C2F40 /* NSString+Hashing.m in Sources */ = {isa = PBXBuildFile; fileRef = 270619F9193F6C07005C2F40 /* NSString+Hashing.m */; };
		270619FB193F6CF2005C2F40 /* NSString+Hashing.h in CopyFiles */ = {isa = PBXBuildFile; fileRef = 270619F8193F6C07005C2F40 /* NSString+Hashing.h */; };
		273A1A7918E4B28B004F96FE /* FDValueTransformer.m in Sources */ = {isa = PBXBuildFile; fileRef = 273A1A7818E4B28B004F96FE /* FDValueTransformer.m */; };
		273A1A7A18E4B30C004F96FE /* FDValueTransformer.h in CopyFiles */ = {isa = PBXBuildFile; fileRef = 273A1A7718E4B28B004F96FE /* FDValueTransformer.h */; };
		2744FA3B18F0A82200A9E432 /* FDKeypath.h in CopyFiles */ = {isa = PBXBuildFile; fileRef = 2744FA3A18F0A7D600A9E432 /* FDKeypath.h */; };
		2751ADAD19BFAB4400844BC5 /* FDFoundationKit.h in Headers */ = {isa = PBXBuildFile; fileRef = 27604C3E18C2714700FB085C /* FDFoundationKit.h */; settings = {ATTRIBUTES = (Public, ); }; };
		2751ADAE19BFAB4D00844BC5 /* NSArray+Accessing.h in Headers */ = {isa = PBXBuildFile; fileRef = 27604C0F18C2709200FB085C /* NSArray+Accessing.h */; settings = {ATTRIBUTES = (Public, ); }; };
		2751ADAF19BFAB4D00844BC5 /* NSArray+Accessing.m in Sources */ = {isa = PBXBuildFile; fileRef = 27604C1018C2709200FB085C /* NSArray+Accessing.m */; };
		2751ADB019BFAB4D00844BC5 /* NSArray+URLEncode.h in Headers */ = {isa = PBXBuildFile; fileRef = 2752601419897F4D004DA285 /* NSArray+URLEncode.h */; settings = {ATTRIBUTES = (Public, ); }; };
		2751ADB119BFAB4D00844BC5 /* NSArray+URLEncode.m in Sources */ = {isa = PBXBuildFile; fileRef = 2752601519897F4D004DA285 /* NSArray+URLEncode.m */; };
		2751ADB219BFAB4D00844BC5 /* NSDictionary+Accessing.h in Headers */ = {isa = PBXBuildFile; fileRef = 27604C1118C2709200FB085C /* NSDictionary+Accessing.h */; settings = {ATTRIBUTES = (Public, ); }; };
		2751ADB319BFAB4D00844BC5 /* NSDictionary+Accessing.m in Sources */ = {isa = PBXBuildFile; fileRef = 27604C1218C2709200FB085C /* NSDictionary+Accessing.m */; };
		2751ADB419BFAB4D00844BC5 /* NSDictionary+Modifying.h in Headers */ = {isa = PBXBuildFile; fileRef = 27A1F5D218CFF40900A77EDD /* NSDictionary+Modifying.h */; settings = {ATTRIBUTES = (Public, ); }; };
		2751ADB519BFAB4D00844BC5 /* NSDictionary+Modifying.m in Sources */ = {isa = PBXBuildFile; fileRef = 27A1F5D318CFF40900A77EDD /* NSDictionary+Modifying.m */; };
		2751ADB619BFAB4D00844BC5 /* NSDictionary+URLEncode.h in Headers */ = {isa = PBXBuildFile; fileRef = 27604C1318C2709200FB085C /* NSDictionary+URLEncode.h */; settings = {ATTRIBUTES = (Public, ); }; };
		2751ADB719BFAB4D00844BC5 /* NSDictionary+URLEncode.m in Sources */ = {isa = PBXBuildFile; fileRef = 27604C1418C2709200FB085C /* NSDictionary+URLEncode.m */; };
		2751ADB819BFAB4D00844BC5 /* NSObject+PerformBlock.h in Headers */ = {isa = PBXBuildFile; fileRef = 27604C1518C2709200FB085C /* NSObject+PerformBlock.h */; settings = {ATTRIBUTES = (Public, ); }; };
		2751ADB919BFAB4D00844BC5 /* NSObject+PerformBlock.m in Sources */ = {isa = PBXBuildFile; fileRef = 27604C1618C2709200FB085C /* NSObject+PerformBlock.m */; };
		2751ADBA19BFAB4D00844BC5 /* NSString+Hashing.h in Headers */ = {isa = PBXBuildFile; fileRef = 270619F8193F6C07005C2F40 /* NSString+Hashing.h */; settings = {ATTRIBUTES = (Public, ); }; };
		2751ADBB19BFAB4D00844BC5 /* NSString+Hashing.m in Sources */ = {isa = PBXBuildFile; fileRef = 270619F9193F6C07005C2F40 /* NSString+Hashing.m */; };
		2751ADBC19BFAB4D00844BC5 /* NSString+URLEncode.h in Headers */ = {isa = PBXBuildFile; fileRef = 27604C1718C2709200FB085C /* NSString+URLEncode.h */; settings = {ATTRIBUTES = (Public, ); }; };
		2751ADBD19BFAB4D00844BC5 /* NSString+URLEncode.m in Sources */ = {isa = PBXBuildFile; fileRef = 27604C1818C2709200FB085C /* NSString+URLEncode.m */; };
		2751ADBE19BFAB4D00844BC5 /* NSValue+URLEncode.h in Headers */ = {isa = PBXBuildFile; fileRef = 2752601019897CC4004DA285 /* NSValue+URLEncode.h */; settings = {ATTRIBUTES = (Public, ); }; };
		2751ADBF19BFAB4D00844BC5 /* NSValue+URLEncode.m in Sources */ = {isa = PBXBuildFile; fileRef = 2752601119897CC5004DA285 /* NSValue+URLEncode.m */; };
		2751ADC019BFAB5400844BC5 /* FDNullOrEmpty.h in Headers */ = {isa = PBXBuildFile; fileRef = 27604C1B18C2709200FB085C /* FDNullOrEmpty.h */; settings = {ATTRIBUTES = (Public, ); }; };
		2751ADC119BFAB5400844BC5 /* FDLogger.h in Headers */ = {isa = PBXBuildFile; fileRef = 27604C1A18C2709200FB085C /* FDLogger.h */; settings = {ATTRIBUTES = (Public, ); }; };
		2751ADC219BFAB5400844BC5 /* FDKeypath.h in Headers */ = {isa = PBXBuildFile; fileRef = 2744FA3A18F0A7D600A9E432 /* FDKeypath.h */; settings = {ATTRIBUTES = (Public, ); }; };
		2751ADC319BFAB5400844BC5 /* FDURLEncoding.h in Headers */ = {isa = PBXBuildFile; fileRef = 2752600E198975C1004DA285 /* FDURLEncoding.h */; settings = {ATTRIBUTES = (Public, ); }; };
		2751ADC419BFAB5400844BC5 /* FDCache.h in Headers */ = {isa = PBXBuildFile; fileRef = 276F313D1940FF0B00116F6B /* FDCache.h */; settings = {ATTRIBUTES = (Public, ); }; };
		2751ADC519BFAB5400844BC5 /* FDCache.m in Sources */ = {isa = PBXBuildFile; fileRef = 276F313E1940FF0B00116F6B /* FDCache.m */; };
		2751ADC619BFAB5400844BC5 /* FDThreadSafeMutableDictionary.h in Headers */ = {isa = PBXBuildFile; fileRef = 27604C1C18C2709200FB085C /* FDThreadSafeMutableDictionary.h */; settings = {ATTRIBUTES = (Public, ); }; };
		2751ADC719BFAB5400844BC5 /* FDThreadSafeMutableDictionary.m in Sources */ = {isa = PBXBuildFile; fileRef = 27604C1D18C2709200FB085C /* FDThreadSafeMutableDictionary.m */; };
		2751ADC819BFAB5400844BC5 /* FDValueTransformer.h in Headers */ = {isa = PBXBuildFile; fileRef = 273A1A7718E4B28B004F96FE /* FDValueTransformer.h */; settings = {ATTRIBUTES = (Public, ); }; };
		2751ADC919BFAB5400844BC5 /* FDValueTransformer.m in Sources */ = {isa = PBXBuildFile; fileRef = 273A1A7818E4B28B004F96FE /* FDValueTransformer.m */; };
		2751ADCA19BFAB5C00844BC5 /* FDWeakReference.h in Headers */ = {isa = PBXBuildFile; fileRef = 27604C2618C2709200FB085C /* FDWeakReference.h */; settings = {ATTRIBUTES = (Public, ); }; };
		2751ADCB19BFAB5C00844BC5 /* FDWeakReference.m in Sources */ = {isa = PBXBuildFile; fileRef = 27604C2718C2709200FB085C /* FDWeakReference.m */; };
		2751ADCC19BFAB5C00844BC5 /* FDWeakMutableDictionary.h in Headers */ = {isa = PBXBuildFile; fileRef = 27604C2418C2709200FB085C /* FDWeakMutableDictionary.h */; settings = {ATTRIBUTES = (Public, ); }; };
		2751ADCD19BFAB5C00844BC5 /* FDWeakMutableDictionary.m in Sources */ = {isa = PBXBuildFile; fileRef = 27604C2518C2709200FB085C /* FDWeakMutableDictionary.m */; };
		2751ADCE19BFAB5F00844BC5 /* FDDeclaredProperty.h in Headers */ = {isa = PBXBuildFile; fileRef = 27604C1F18C2709200FB085C /* FDDeclaredProperty.h */; settings = {ATTRIBUTES = (Public, ); }; };
		2751ADCF19BFAB5F00844BC5 /* FDDeclaredProperty.m in Sources */ = {isa = PBXBuildFile; fileRef = 27604C2018C2709200FB085C /* FDDeclaredProperty.m */; };
		2751ADD019BFAB5F00844BC5 /* NSObject+PropertyType.h in Headers */ = {isa = PBXBuildFile; fileRef = 27604C2118C2709200FB085C /* NSObject+PropertyType.h */; settings = {ATTRIBUTES = (Public, ); }; };
		2751ADD119BFAB5F00844BC5 /* NSObject+PropertyType.m in Sources */ = {isa = PBXBuildFile; fileRef = 27604C2218C2709200FB085C /* NSObject+PropertyType.m */; };
		2752600F198978D2004DA285 /* FDURLEncoding.h in CopyFiles */ = {isa = PBXBuildFile; fileRef = 2752600E198975C1004DA285 /* FDURLEncoding.h */; };
		2752601219897CC5004DA285 /* NSValue+URLEncode.m in Sources */ = {isa = PBXBuildFile; fileRef = 2752601119897CC5004DA285 /* NSValue+URLEncode.m */; };
		2752601319897CE2004DA285 /* NSValue+URLEncode.h in CopyFiles */ = {isa = PBXBuildFile; fileRef = 2752601019897CC4004DA285 /* NSValue+URLEncode.h */; };
		2752601619897F4D004DA285 /* NSArray+URLEncode.m in Sources */ = {isa = PBXBuildFile; fileRef = 2752601519897F4D004DA285 /* NSArray+URLEncode.m */; };
		2752601719897F60004DA285 /* NSArray+URLEncode.h in CopyFiles */ = {isa = PBXBuildFile; fileRef = 2752601419897F4D004DA285 /* NSArray+URLEncode.h */; };
		27604C2818C2709200FB085C /* NSArray+Accessing.m in Sources */ = {isa = PBXBuildFile; fileRef = 27604C1018C2709200FB085C /* NSArray+Accessing.m */; };
		27604C2918C2709200FB085C /* NSDictionary+Accessing.m in Sources */ = {isa = PBXBuildFile; fileRef = 27604C1218C2709200FB085C /* NSDictionary+Accessing.m */; };
		27604C2A18C2709200FB085C /* NSDictionary+URLEncode.m in Sources */ = {isa = PBXBuildFile; fileRef = 27604C1418C2709200FB085C /* NSDictionary+URLEncode.m */; };
		27604C2B18C2709200FB085C /* NSObject+PerformBlock.m in Sources */ = {isa = PBXBuildFile; fileRef = 27604C1618C2709200FB085C /* NSObject+PerformBlock.m */; };
		27604C2C18C2709200FB085C /* NSString+URLEncode.m in Sources */ = {isa = PBXBuildFile; fileRef = 27604C1818C2709200FB085C /* NSString+URLEncode.m */; };
		27604C2D18C2709200FB085C /* FDThreadSafeMutableDictionary.m in Sources */ = {isa = PBXBuildFile; fileRef = 27604C1D18C2709200FB085C /* FDThreadSafeMutableDictionary.m */; };
		27604C2E18C2709200FB085C /* FDDeclaredProperty.m in Sources */ = {isa = PBXBuildFile; fileRef = 27604C2018C2709200FB085C /* FDDeclaredProperty.m */; };
		27604C2F18C2709200FB085C /* NSObject+PropertyType.m in Sources */ = {isa = PBXBuildFile; fileRef = 27604C2218C2709200FB085C /* NSObject+PropertyType.m */; };
		27604C3018C2709200FB085C /* FDWeakMutableDictionary.m in Sources */ = {isa = PBXBuildFile; fileRef = 27604C2518C2709200FB085C /* FDWeakMutableDictionary.m */; };
		27604C3118C2709200FB085C /* FDWeakReference.m in Sources */ = {isa = PBXBuildFile; fileRef = 27604C2718C2709200FB085C /* FDWeakReference.m */; };
		27604C3218C270DA00FB085C /* NSArray+Accessing.h in CopyFiles */ = {isa = PBXBuildFile; fileRef = 27604C0F18C2709200FB085C /* NSArray+Accessing.h */; };
		27604C3318C270DA00FB085C /* NSDictionary+Accessing.h in CopyFiles */ = {isa = PBXBuildFile; fileRef = 27604C1118C2709200FB085C /* NSDictionary+Accessing.h */; };
		27604C3418C270DA00FB085C /* NSDictionary+URLEncode.h in CopyFiles */ = {isa = PBXBuildFile; fileRef = 27604C1318C2709200FB085C /* NSDictionary+URLEncode.h */; };
		27604C3518C270DA00FB085C /* NSObject+PerformBlock.h in CopyFiles */ = {isa = PBXBuildFile; fileRef = 27604C1518C2709200FB085C /* NSObject+PerformBlock.h */; };
		27604C3618C270DA00FB085C /* NSString+URLEncode.h in CopyFiles */ = {isa = PBXBuildFile; fileRef = 27604C1718C2709200FB085C /* NSString+URLEncode.h */; };
		27604C3718C270DA00FB085C /* FDNullOrEmpty.h in CopyFiles */ = {isa = PBXBuildFile; fileRef = 27604C1B18C2709200FB085C /* FDNullOrEmpty.h */; };
		27604C3818C270DA00FB085C /* FDLogger.h in CopyFiles */ = {isa = PBXBuildFile; fileRef = 27604C1A18C2709200FB085C /* FDLogger.h */; };
		27604C3918C270DA00FB085C /* FDThreadSafeMutableDictionary.h in CopyFiles */ = {isa = PBXBuildFile; fileRef = 27604C1C18C2709200FB085C /* FDThreadSafeMutableDictionary.h */; };
		27604C3A18C270DA00FB085C /* FDDeclaredProperty.h in CopyFiles */ = {isa = PBXBuildFile; fileRef = 27604C1F18C2709200FB085C /* FDDeclaredProperty.h */; };
		27604C3B18C270DA00FB085C /* NSObject+PropertyType.h in CopyFiles */ = {isa = PBXBuildFile; fileRef = 27604C2118C2709200FB085C /* NSObject+PropertyType.h */; };
		27604C3C18C270DA00FB085C /* FDWeakMutableDictionary.h in CopyFiles */ = {isa = PBXBuildFile; fileRef = 27604C2418C2709200FB085C /* FDWeakMutableDictionary.h */; };
		27604C3D18C270DA00FB085C /* FDWeakReference.h in CopyFiles */ = {isa = PBXBuildFile; fileRef = 27604C2618C2709200FB085C /* FDWeakReference.h */; };
		27604C3F18C2714D00FB085C /* FDFoundationKit.h in CopyFiles */ = {isa = PBXBuildFile; fileRef = 27604C3E18C2714700FB085C /* FDFoundationKit.h */; };
		276F313F1940FF0B00116F6B /* FDCache.m in Sources */ = {isa = PBXBuildFile; fileRef = 276F313E1940FF0B00116F6B /* FDCache.m */; };
		276F31401941007A00116F6B /* FDCache.h in CopyFiles */ = {isa = PBXBuildFile; fileRef = 276F313D1940FF0B00116F6B /* FDCache.h */; };
		27A1F5D418CFF40900A77EDD /* NSDictionary+Modifying.m in Sources */ = {isa = PBXBuildFile; fileRef = 27A1F5D318CFF40900A77EDD /* NSDictionary+Modifying.m */; };
		27A1F5D518CFF4FA00A77EDD /* NSDictionary+Modifying.h in CopyFiles */ = {isa = PBXBuildFile; fileRef = 27A1F5D218CFF40900A77EDD /* NSDictionary+Modifying.h */; };
		27F79DBA19B788AF00E118DB /* NSArray+Accessing.h in Headers */ = {isa = PBXBuildFile; fileRef = 27604C0F18C2709200FB085C /* NSArray+Accessing.h */; settings = {ATTRIBUTES = (Public, ); }; };
		27F79DBB19B788B500E118DB /* NSArray+Accessing.m in Sources */ = {isa = PBXBuildFile; fileRef = 27604C1018C2709200FB085C /* NSArray+Accessing.m */; };
		27F79DBC19B788B900E118DB /* NSArray+URLEncode.h in Headers */ = {isa = PBXBuildFile; fileRef = 2752601419897F4D004DA285 /* NSArray+URLEncode.h */; settings = {ATTRIBUTES = (Public, ); }; };
		27F79DBD19B788B900E118DB /* NSArray+URLEncode.m in Sources */ = {isa = PBXBuildFile; fileRef = 2752601519897F4D004DA285 /* NSArray+URLEncode.m */; };
		27F79DBE19B788B900E118DB /* NSDictionary+Accessing.h in Headers */ = {isa = PBXBuildFile; fileRef = 27604C1118C2709200FB085C /* NSDictionary+Accessing.h */; settings = {ATTRIBUTES = (Public, ); }; };
		27F79DBF19B788B900E118DB /* NSDictionary+Accessing.m in Sources */ = {isa = PBXBuildFile; fileRef = 27604C1218C2709200FB085C /* NSDictionary+Accessing.m */; };
		27F79DC019B788B900E118DB /* NSDictionary+Modifying.h in Headers */ = {isa = PBXBuildFile; fileRef = 27A1F5D218CFF40900A77EDD /* NSDictionary+Modifying.h */; settings = {ATTRIBUTES = (Public, ); }; };
		27F79DC119B788B900E118DB /* NSDictionary+Modifying.m in Sources */ = {isa = PBXBuildFile; fileRef = 27A1F5D318CFF40900A77EDD /* NSDictionary+Modifying.m */; };
		27F79DC219B788B900E118DB /* NSDictionary+URLEncode.h in Headers */ = {isa = PBXBuildFile; fileRef = 27604C1318C2709200FB085C /* NSDictionary+URLEncode.h */; settings = {ATTRIBUTES = (Public, ); }; };
		27F79DC319B788B900E118DB /* NSDictionary+URLEncode.m in Sources */ = {isa = PBXBuildFile; fileRef = 27604C1418C2709200FB085C /* NSDictionary+URLEncode.m */; };
		27F79DC419B788B900E118DB /* NSObject+PerformBlock.h in Headers */ = {isa = PBXBuildFile; fileRef = 27604C1518C2709200FB085C /* NSObject+PerformBlock.h */; settings = {ATTRIBUTES = (Public, ); }; };
		27F79DC519B788B900E118DB /* NSObject+PerformBlock.m in Sources */ = {isa = PBXBuildFile; fileRef = 27604C1618C2709200FB085C /* NSObject+PerformBlock.m */; };
		27F79DC619B788B900E118DB /* NSString+Hashing.h in Headers */ = {isa = PBXBuildFile; fileRef = 270619F8193F6C07005C2F40 /* NSString+Hashing.h */; settings = {ATTRIBUTES = (Public, ); }; };
		27F79DC719B788B900E118DB /* NSString+Hashing.m in Sources */ = {isa = PBXBuildFile; fileRef = 270619F9193F6C07005C2F40 /* NSString+Hashing.m */; };
		27F79DC819B788B900E118DB /* NSString+URLEncode.h in Headers */ = {isa = PBXBuildFile; fileRef = 27604C1718C2709200FB085C /* NSString+URLEncode.h */; settings = {ATTRIBUTES = (Public, ); }; };
		27F79DC919B788B900E118DB /* NSString+URLEncode.m in Sources */ = {isa = PBXBuildFile; fileRef = 27604C1818C2709200FB085C /* NSString+URLEncode.m */; };
		27F79DCA19B788B900E118DB /* NSValue+URLEncode.h in Headers */ = {isa = PBXBuildFile; fileRef = 2752601019897CC4004DA285 /* NSValue+URLEncode.h */; settings = {ATTRIBUTES = (Public, ); }; };
		27F79DCB19B788B900E118DB /* NSValue+URLEncode.m in Sources */ = {isa = PBXBuildFile; fileRef = 2752601119897CC5004DA285 /* NSValue+URLEncode.m */; };
		27F79DCC19B788C200E118DB /* FDNullOrEmpty.h in Headers */ = {isa = PBXBuildFile; fileRef = 27604C1B18C2709200FB085C /* FDNullOrEmpty.h */; settings = {ATTRIBUTES = (Public, ); }; };
		27F79DCD19B788C200E118DB /* FDLogger.h in Headers */ = {isa = PBXBuildFile; fileRef = 27604C1A18C2709200FB085C /* FDLogger.h */; settings = {ATTRIBUTES = (Public, ); }; };
		27F79DCE19B788C200E118DB /* FDKeypath.h in Headers */ = {isa = PBXBuildFile; fileRef = 2744FA3A18F0A7D600A9E432 /* FDKeypath.h */; settings = {ATTRIBUTES = (Public, ); }; };
		27F79DCF19B788C200E118DB /* FDURLEncoding.h in Headers */ = {isa = PBXBuildFile; fileRef = 2752600E198975C1004DA285 /* FDURLEncoding.h */; settings = {ATTRIBUTES = (Public, ); }; };
		27F79DD019B788C200E118DB /* FDCache.h in Headers */ = {isa = PBXBuildFile; fileRef = 276F313D1940FF0B00116F6B /* FDCache.h */; settings = {ATTRIBUTES = (Public, ); }; };
		27F79DD119B788C200E118DB /* FDCache.m in Sources */ = {isa = PBXBuildFile; fileRef = 276F313E1940FF0B00116F6B /* FDCache.m */; };
		27F79DD219B788C200E118DB /* FDThreadSafeMutableDictionary.h in Headers */ = {isa = PBXBuildFile; fileRef = 27604C1C18C2709200FB085C /* FDThreadSafeMutableDictionary.h */; settings = {ATTRIBUTES = (Public, ); }; };
		27F79DD319B788C200E118DB /* FDThreadSafeMutableDictionary.m in Sources */ = {isa = PBXBuildFile; fileRef = 27604C1D18C2709200FB085C /* FDThreadSafeMutableDictionary.m */; };
		27F79DD419B788C200E118DB /* FDValueTransformer.h in Headers */ = {isa = PBXBuildFile; fileRef = 273A1A7718E4B28B004F96FE /* FDValueTransformer.h */; settings = {ATTRIBUTES = (Public, ); }; };
		27F79DD519B788C200E118DB /* FDValueTransformer.m in Sources */ = {isa = PBXBuildFile; fileRef = 273A1A7818E4B28B004F96FE /* FDValueTransformer.m */; };
		27F79DD619B788CA00E118DB /* FDDeclaredProperty.h in Headers */ = {isa = PBXBuildFile; fileRef = 27604C1F18C2709200FB085C /* FDDeclaredProperty.h */; settings = {ATTRIBUTES = (Public, ); }; };
		27F79DD719B788CA00E118DB /* FDDeclaredProperty.m in Sources */ = {isa = PBXBuildFile; fileRef = 27604C2018C2709200FB085C /* FDDeclaredProperty.m */; };
		27F79DD819B788CA00E118DB /* NSObject+PropertyType.h in Headers */ = {isa = PBXBuildFile; fileRef = 27604C2118C2709200FB085C /* NSObject+PropertyType.h */; settings = {ATTRIBUTES = (Public, ); }; };
		27F79DD919B788CA00E118DB /* NSObject+PropertyType.m in Sources */ = {isa = PBXBuildFile; fileRef = 27604C2218C2709200FB085C /* NSObject+PropertyType.m */; };
		27F79DDA19B788CF00E118DB /* FDWeakReference.h in Headers */ = {isa = PBXBuildFile; fileRef = 27604C2618C2709200FB085C /* FDWeakReference.h */; settings = {ATTRIBUTES = (Public, ); }; };
		27F79DDB19B788CF00E118DB /* FDWeakReference.m in Sources */ = {isa = PBXBuildFile; fileRef = 27604C2718C2709200FB085C /* FDWeakReference.m */; };
		27F79DDC19B788CF00E118DB /* FDWeakMutableDictionary.h in Headers */ = {isa = PBXBuildFile; fileRef = 27604C2418C2709200FB085C /* FDWeakMutableDictionary.h */; settings = {ATTRIBUTES = (Public, ); }; };
		27F79DDD19B788CF00E118DB /* FDWeakMutableDictionary.m in Sources */ = {isa = PBXBuildFile; fileRef = 27604C2518C2709200FB085C /* FDWeakMutableDictionary.m */; };
		27F79DDE19B788ED00E118DB /* FDFoundationKit.h in Headers */ = {isa = PBXBuildFile; fileRef = 27604C3E18C2714700FB085C /* FDFoundationKit.h */; settings = {ATTRIBUTES = (Public, ); }; };
/* End PBXBuildFile section */

/* Begin PBXCopyFilesBuildPhase section */
		2722325D18C26A180051677A /* CopyFiles */ = {
			isa = PBXCopyFilesBuildPhase;
			buildActionMask = 2147483647;
			dstPath = "include/$(PRODUCT_NAME)";
			dstSubfolderSpec = 16;
			files = (
				2752601719897F60004DA285 /* NSArray+URLEncode.h in CopyFiles */,
				2752601319897CE2004DA285 /* NSValue+URLEncode.h in CopyFiles */,
				2752600F198978D2004DA285 /* FDURLEncoding.h in CopyFiles */,
				276F31401941007A00116F6B /* FDCache.h in CopyFiles */,
				270619FB193F6CF2005C2F40 /* NSString+Hashing.h in CopyFiles */,
				2744FA3B18F0A82200A9E432 /* FDKeypath.h in CopyFiles */,
				273A1A7A18E4B30C004F96FE /* FDValueTransformer.h in CopyFiles */,
				27A1F5D518CFF4FA00A77EDD /* NSDictionary+Modifying.h in CopyFiles */,
				27604C3F18C2714D00FB085C /* FDFoundationKit.h in CopyFiles */,
				27604C3218C270DA00FB085C /* NSArray+Accessing.h in CopyFiles */,
				27604C3318C270DA00FB085C /* NSDictionary+Accessing.h in CopyFiles */,
				27604C3418C270DA00FB085C /* NSDictionary+URLEncode.h in CopyFiles */,
				27604C3518C270DA00FB085C /* NSObject+PerformBlock.h in CopyFiles */,
				27604C3618C270DA00FB085C /* NSString+URLEncode.h in CopyFiles */,
				27604C3718C270DA00FB085C /* FDNullOrEmpty.h in CopyFiles */,
				27604C3818C270DA00FB085C /* FDLogger.h in CopyFiles */,
				27604C3918C270DA00FB085C /* FDThreadSafeMutableDictionary.h in CopyFiles */,
				27604C3A18C270DA00FB085C /* FDDeclaredProperty.h in CopyFiles */,
				27604C3B18C270DA00FB085C /* NSObject+PropertyType.h in CopyFiles */,
				27604C3C18C270DA00FB085C /* FDWeakMutableDictionary.h in CopyFiles */,
				27604C3D18C270DA00FB085C /* FDWeakReference.h in CopyFiles */,
			);
			runOnlyForDeploymentPostprocessing = 0;
		};
/* End PBXCopyFilesBuildPhase section */

/* Begin PBXFileReference section */
		270619F8193F6C07005C2F40 /* NSString+Hashing.h */ = {isa = PBXFileReference; fileEncoding = 4; lastKnownFileType = sourcecode.c.h; path = "NSString+Hashing.h"; sourceTree = "<group>"; };
		270619F9193F6C07005C2F40 /* NSString+Hashing.m */ = {isa = PBXFileReference; fileEncoding = 4; lastKnownFileType = sourcecode.c.objc; path = "NSString+Hashing.m"; sourceTree = "<group>"; };
		2722325F18C26A180051677A /* libFDFoundationKit.a */ = {isa = PBXFileReference; explicitFileType = archive.ar; includeInIndex = 0; path = libFDFoundationKit.a; sourceTree = BUILT_PRODUCTS_DIR; };
		273A1A7718E4B28B004F96FE /* FDValueTransformer.h */ = {isa = PBXFileReference; fileEncoding = 4; lastKnownFileType = sourcecode.c.h; path = FDValueTransformer.h; sourceTree = "<group>"; };
		273A1A7818E4B28B004F96FE /* FDValueTransformer.m */ = {isa = PBXFileReference; fileEncoding = 4; lastKnownFileType = sourcecode.c.objc; path = FDValueTransformer.m; sourceTree = "<group>"; };
		2744FA3A18F0A7D600A9E432 /* FDKeypath.h */ = {isa = PBXFileReference; lastKnownFileType = sourcecode.c.h; path = FDKeypath.h; sourceTree = "<group>"; };
		2751AD8F19BFA84E00844BC5 /* FDFoundationKit.framework */ = {isa = PBXFileReference; explicitFileType = wrapper.framework; includeInIndex = 0; path = FDFoundationKit.framework; sourceTree = BUILT_PRODUCTS_DIR; };
		2751ADA619BFA86B00844BC5 /* Info.plist */ = {isa = PBXFileReference; lastKnownFileType = text.plist.xml; path = Info.plist; sourceTree = "<group>"; };
		2752600E198975C1004DA285 /* FDURLEncoding.h */ = {isa = PBXFileReference; lastKnownFileType = sourcecode.c.h; path = FDURLEncoding.h; sourceTree = "<group>"; };
		2752601019897CC4004DA285 /* NSValue+URLEncode.h */ = {isa = PBXFileReference; fileEncoding = 4; lastKnownFileType = sourcecode.c.h; path = "NSValue+URLEncode.h"; sourceTree = "<group>"; };
		2752601119897CC5004DA285 /* NSValue+URLEncode.m */ = {isa = PBXFileReference; fileEncoding = 4; lastKnownFileType = sourcecode.c.objc; path = "NSValue+URLEncode.m"; sourceTree = "<group>"; };
		2752601419897F4D004DA285 /* NSArray+URLEncode.h */ = {isa = PBXFileReference; fileEncoding = 4; lastKnownFileType = sourcecode.c.h; path = "NSArray+URLEncode.h"; sourceTree = "<group>"; };
		2752601519897F4D004DA285 /* NSArray+URLEncode.m */ = {isa = PBXFileReference; fileEncoding = 4; lastKnownFileType = sourcecode.c.objc; path = "NSArray+URLEncode.m"; sourceTree = "<group>"; };
		27604C0F18C2709200FB085C /* NSArray+Accessing.h */ = {isa = PBXFileReference; fileEncoding = 4; lastKnownFileType = sourcecode.c.h; path = "NSArray+Accessing.h"; sourceTree = "<group>"; };
		27604C1018C2709200FB085C /* NSArray+Accessing.m */ = {isa = PBXFileReference; fileEncoding = 4; lastKnownFileType = sourcecode.c.objc; path = "NSArray+Accessing.m"; sourceTree = "<group>"; };
		27604C1118C2709200FB085C /* NSDictionary+Accessing.h */ = {isa = PBXFileReference; fileEncoding = 4; lastKnownFileType = sourcecode.c.h; path = "NSDictionary+Accessing.h"; sourceTree = "<group>"; };
		27604C1218C2709200FB085C /* NSDictionary+Accessing.m */ = {isa = PBXFileReference; fileEncoding = 4; lastKnownFileType = sourcecode.c.objc; path = "NSDictionary+Accessing.m"; sourceTree = "<group>"; };
		27604C1318C2709200FB085C /* NSDictionary+URLEncode.h */ = {isa = PBXFileReference; fileEncoding = 4; lastKnownFileType = sourcecode.c.h; path = "NSDictionary+URLEncode.h"; sourceTree = "<group>"; };
		27604C1418C2709200FB085C /* NSDictionary+URLEncode.m */ = {isa = PBXFileReference; fileEncoding = 4; lastKnownFileType = sourcecode.c.objc; path = "NSDictionary+URLEncode.m"; sourceTree = "<group>"; };
		27604C1518C2709200FB085C /* NSObject+PerformBlock.h */ = {isa = PBXFileReference; fileEncoding = 4; lastKnownFileType = sourcecode.c.h; path = "NSObject+PerformBlock.h"; sourceTree = "<group>"; };
		27604C1618C2709200FB085C /* NSObject+PerformBlock.m */ = {isa = PBXFileReference; fileEncoding = 4; lastKnownFileType = sourcecode.c.objc; path = "NSObject+PerformBlock.m"; sourceTree = "<group>"; };
		27604C1718C2709200FB085C /* NSString+URLEncode.h */ = {isa = PBXFileReference; fileEncoding = 4; lastKnownFileType = sourcecode.c.h; path = "NSString+URLEncode.h"; sourceTree = "<group>"; };
		27604C1818C2709200FB085C /* NSString+URLEncode.m */ = {isa = PBXFileReference; fileEncoding = 4; lastKnownFileType = sourcecode.c.objc; path = "NSString+URLEncode.m"; sourceTree = "<group>"; };
		27604C1A18C2709200FB085C /* FDLogger.h */ = {isa = PBXFileReference; fileEncoding = 4; lastKnownFileType = sourcecode.c.h; path = FDLogger.h; sourceTree = "<group>"; };
		27604C1B18C2709200FB085C /* FDNullOrEmpty.h */ = {isa = PBXFileReference; fileEncoding = 4; lastKnownFileType = sourcecode.c.h; path = FDNullOrEmpty.h; sourceTree = "<group>"; };
		27604C1C18C2709200FB085C /* FDThreadSafeMutableDictionary.h */ = {isa = PBXFileReference; fileEncoding = 4; lastKnownFileType = sourcecode.c.h; path = FDThreadSafeMutableDictionary.h; sourceTree = "<group>"; };
		27604C1D18C2709200FB085C /* FDThreadSafeMutableDictionary.m */ = {isa = PBXFileReference; fileEncoding = 4; lastKnownFileType = sourcecode.c.objc; path = FDThreadSafeMutableDictionary.m; sourceTree = "<group>"; };
		27604C1F18C2709200FB085C /* FDDeclaredProperty.h */ = {isa = PBXFileReference; fileEncoding = 4; lastKnownFileType = sourcecode.c.h; path = FDDeclaredProperty.h; sourceTree = "<group>"; };
		27604C2018C2709200FB085C /* FDDeclaredProperty.m */ = {isa = PBXFileReference; fileEncoding = 4; lastKnownFileType = sourcecode.c.objc; path = FDDeclaredProperty.m; sourceTree = "<group>"; };
		27604C2118C2709200FB085C /* NSObject+PropertyType.h */ = {isa = PBXFileReference; fileEncoding = 4; lastKnownFileType = sourcecode.c.h; path = "NSObject+PropertyType.h"; sourceTree = "<group>"; };
		27604C2218C2709200FB085C /* NSObject+PropertyType.m */ = {isa = PBXFileReference; fileEncoding = 4; lastKnownFileType = sourcecode.c.objc; path = "NSObject+PropertyType.m"; sourceTree = "<group>"; };
		27604C2418C2709200FB085C /* FDWeakMutableDictionary.h */ = {isa = PBXFileReference; fileEncoding = 4; lastKnownFileType = sourcecode.c.h; path = FDWeakMutableDictionary.h; sourceTree = "<group>"; };
		27604C2518C2709200FB085C /* FDWeakMutableDictionary.m */ = {isa = PBXFileReference; fileEncoding = 4; lastKnownFileType = sourcecode.c.objc; path = FDWeakMutableDictionary.m; sourceTree = "<group>"; };
		27604C2618C2709200FB085C /* FDWeakReference.h */ = {isa = PBXFileReference; fileEncoding = 4; lastKnownFileType = sourcecode.c.h; path = FDWeakReference.h; sourceTree = "<group>"; };
		27604C2718C2709200FB085C /* FDWeakReference.m */ = {isa = PBXFileReference; fileEncoding = 4; lastKnownFileType = sourcecode.c.objc; path = FDWeakReference.m; sourceTree = "<group>"; };
		27604C3E18C2714700FB085C /* FDFoundationKit.h */ = {isa = PBXFileReference; fileEncoding = 4; lastKnownFileType = sourcecode.c.h; name = FDFoundationKit.h; path = "FDFoundationKit Framework/FDFoundationKit.h"; sourceTree = SOURCE_ROOT; };
		276F313D1940FF0B00116F6B /* FDCache.h */ = {isa = PBXFileReference; fileEncoding = 4; lastKnownFileType = sourcecode.c.h; path = FDCache.h; sourceTree = "<group>"; };
		276F313E1940FF0B00116F6B /* FDCache.m */ = {isa = PBXFileReference; fileEncoding = 4; lastKnownFileType = sourcecode.c.objc; path = FDCache.m; sourceTree = "<group>"; };
		27A1F5D218CFF40900A77EDD /* NSDictionary+Modifying.h */ = {isa = PBXFileReference; fileEncoding = 4; lastKnownFileType = sourcecode.c.h; path = "NSDictionary+Modifying.h"; sourceTree = "<group>"; };
		27A1F5D318CFF40900A77EDD /* NSDictionary+Modifying.m */ = {isa = PBXFileReference; fileEncoding = 4; lastKnownFileType = sourcecode.c.objc; path = "NSDictionary+Modifying.m"; sourceTree = "<group>"; };
		27E4982C19B7864800639C30 /* FDFoundationKit.framework */ = {isa = PBXFileReference; explicitFileType = wrapper.framework; includeInIndex = 0; path = FDFoundationKit.framework; sourceTree = BUILT_PRODUCTS_DIR; };
		27E4985819B787A800639C30 /* Info.plist */ = {isa = PBXFileReference; lastKnownFileType = text.plist.xml; path = Info.plist; sourceTree = "<group>"; };
/* End PBXFileReference section */

/* Begin PBXFrameworksBuildPhase section */
		2722325C18C26A180051677A /* Frameworks */ = {
			isa = PBXFrameworksBuildPhase;
			buildActionMask = 2147483647;
			files = (
			);
			runOnlyForDeploymentPostprocessing = 0;
		};
		2751AD8B19BFA84E00844BC5 /* Frameworks */ = {
			isa = PBXFrameworksBuildPhase;
			buildActionMask = 2147483647;
			files = (
			);
			runOnlyForDeploymentPostprocessing = 0;
		};
		27E4982819B7864800639C30 /* Frameworks */ = {
			isa = PBXFrameworksBuildPhase;
			buildActionMask = 2147483647;
			files = (
			);
			runOnlyForDeploymentPostprocessing = 0;
		};
/* End PBXFrameworksBuildPhase section */

/* Begin PBXGroup section */
		2722325618C26A170051677A = {
			isa = PBXGroup;
			children = (
				2722326418C26A180051677A /* FDFoundationKit Framework */,
				2722326018C26A180051677A /* Products */,
			);
			sourceTree = "<group>";
		};
		2722326018C26A180051677A /* Products */ = {
			isa = PBXGroup;
			children = (
				2722325F18C26A180051677A /* libFDFoundationKit.a */,
				27E4982C19B7864800639C30 /* FDFoundationKit.framework */,
				2751AD8F19BFA84E00844BC5 /* FDFoundationKit.framework */,
			);
			name = Products;
			sourceTree = "<group>";
		};
		2722326418C26A180051677A /* FDFoundationKit Framework */ = {
			isa = PBXGroup;
			children = (
				27DC1FD118C26AEF006CFD54 /* FDFoundationKit */,
				2751ADA519BFA86B00844BC5 /* iOS Supporting Files */,
				27E4985719B787A800639C30 /* OS X Supporting Files */,
			);
			path = "FDFoundationKit Framework";
			sourceTree = "<group>";
		};
		2751ADA519BFA86B00844BC5 /* iOS Supporting Files */ = {
			isa = PBXGroup;
			children = (
				2751ADA619BFA86B00844BC5 /* Info.plist */,
			);
			path = "iOS Supporting Files";
			sourceTree = SOURCE_ROOT;
		};
		27604C0E18C2709200FB085C /* Categories */ = {
			isa = PBXGroup;
			children = (
				27604C0F18C2709200FB085C /* NSArray+Accessing.h */,
				27604C1018C2709200FB085C /* NSArray+Accessing.m */,
				2752601419897F4D004DA285 /* NSArray+URLEncode.h */,
				2752601519897F4D004DA285 /* NSArray+URLEncode.m */,
				27604C1118C2709200FB085C /* NSDictionary+Accessing.h */,
				27604C1218C2709200FB085C /* NSDictionary+Accessing.m */,
				27A1F5D218CFF40900A77EDD /* NSDictionary+Modifying.h */,
				27A1F5D318CFF40900A77EDD /* NSDictionary+Modifying.m */,
				27604C1318C2709200FB085C /* NSDictionary+URLEncode.h */,
				27604C1418C2709200FB085C /* NSDictionary+URLEncode.m */,
				27604C1518C2709200FB085C /* NSObject+PerformBlock.h */,
				27604C1618C2709200FB085C /* NSObject+PerformBlock.m */,
				270619F8193F6C07005C2F40 /* NSString+Hashing.h */,
				270619F9193F6C07005C2F40 /* NSString+Hashing.m */,
				27604C1718C2709200FB085C /* NSString+URLEncode.h */,
				27604C1818C2709200FB085C /* NSString+URLEncode.m */,
				2752601019897CC4004DA285 /* NSValue+URLEncode.h */,
				2752601119897CC5004DA285 /* NSValue+URLEncode.m */,
			);
			path = Categories;
			sourceTree = "<group>";
		};
		27604C1918C2709200FB085C /* Common */ = {
			isa = PBXGroup;
			children = (
				27604C1B18C2709200FB085C /* FDNullOrEmpty.h */,
				27604C1A18C2709200FB085C /* FDLogger.h */,
				2744FA3A18F0A7D600A9E432 /* FDKeypath.h */,
				2752600E198975C1004DA285 /* FDURLEncoding.h */,
				276F313D1940FF0B00116F6B /* FDCache.h */,
				276F313E1940FF0B00116F6B /* FDCache.m */,
				27604C1C18C2709200FB085C /* FDThreadSafeMutableDictionary.h */,
				27604C1D18C2709200FB085C /* FDThreadSafeMutableDictionary.m */,
				273A1A7718E4B28B004F96FE /* FDValueTransformer.h */,
				273A1A7818E4B28B004F96FE /* FDValueTransformer.m */,
			);
			path = Common;
			sourceTree = "<group>";
		};
		27604C1E18C2709200FB085C /* Declared Properties */ = {
			isa = PBXGroup;
			children = (
				27604C1F18C2709200FB085C /* FDDeclaredProperty.h */,
				27604C2018C2709200FB085C /* FDDeclaredProperty.m */,
				27604C2118C2709200FB085C /* NSObject+PropertyType.h */,
				27604C2218C2709200FB085C /* NSObject+PropertyType.m */,
			);
			path = "Declared Properties";
			sourceTree = "<group>";
		};
		27604C2318C2709200FB085C /* Weak Reference */ = {
			isa = PBXGroup;
			children = (
				27604C2618C2709200FB085C /* FDWeakReference.h */,
				27604C2718C2709200FB085C /* FDWeakReference.m */,
				27604C2418C2709200FB085C /* FDWeakMutableDictionary.h */,
				27604C2518C2709200FB085C /* FDWeakMutableDictionary.m */,
			);
			path = "Weak Reference";
			sourceTree = "<group>";
		};
		27DC1FD118C26AEF006CFD54 /* FDFoundationKit */ = {
			isa = PBXGroup;
			children = (
				27604C3E18C2714700FB085C /* FDFoundationKit.h */,
				27604C0E18C2709200FB085C /* Categories */,
				27604C1918C2709200FB085C /* Common */,
				27604C1E18C2709200FB085C /* Declared Properties */,
				27604C2318C2709200FB085C /* Weak Reference */,
			);
			name = FDFoundationKit;
			path = ../../FDFoundationKit;
			sourceTree = "<group>";
		};
		27E4985719B787A800639C30 /* OS X Supporting Files */ = {
			isa = PBXGroup;
			children = (
				27E4985819B787A800639C30 /* Info.plist */,
			);
			path = "OS X Supporting Files";
			sourceTree = SOURCE_ROOT;
		};
/* End PBXGroup section */

/* Begin PBXHeadersBuildPhase section */
		2751AD8C19BFA84E00844BC5 /* Headers */ = {
			isa = PBXHeadersBuildPhase;
			buildActionMask = 2147483647;
			files = (
				2751ADC219BFAB5400844BC5 /* FDKeypath.h in Headers */,
				2751ADB219BFAB4D00844BC5 /* NSDictionary+Accessing.h in Headers */,
				2751ADCA19BFAB5C00844BC5 /* FDWeakReference.h in Headers */,
				2751ADAE19BFAB4D00844BC5 /* NSArray+Accessing.h in Headers */,
				2751ADCC19BFAB5C00844BC5 /* FDWeakMutableDictionary.h in Headers */,
				2751ADB819BFAB4D00844BC5 /* NSObject+PerformBlock.h in Headers */,
				2751ADD019BFAB5F00844BC5 /* NSObject+PropertyType.h in Headers */,
				2751ADAD19BFAB4400844BC5 /* FDFoundationKit.h in Headers */,
				2751ADC419BFAB5400844BC5 /* FDCache.h in Headers */,
				2751ADC619BFAB5400844BC5 /* FDThreadSafeMutableDictionary.h in Headers */,
				2751ADB619BFAB4D00844BC5 /* NSDictionary+URLEncode.h in Headers */,
				2751ADBA19BFAB4D00844BC5 /* NSString+Hashing.h in Headers */,
				2751ADBC19BFAB4D00844BC5 /* NSString+URLEncode.h in Headers */,
				2751ADB019BFAB4D00844BC5 /* NSArray+URLEncode.h in Headers */,
				2751ADCE19BFAB5F00844BC5 /* FDDeclaredProperty.h in Headers */,
				2751ADC019BFAB5400844BC5 /* FDNullOrEmpty.h in Headers */,
				2751ADB419BFAB4D00844BC5 /* NSDictionary+Modifying.h in Headers */,
				2751ADC819BFAB5400844BC5 /* FDValueTransformer.h in Headers */,
				2751ADC319BFAB5400844BC5 /* FDURLEncoding.h in Headers */,
				2751ADC119BFAB5400844BC5 /* FDLogger.h in Headers */,
				2751ADBE19BFAB4D00844BC5 /* NSValue+URLEncode.h in Headers */,
			);
			runOnlyForDeploymentPostprocessing = 0;
		};
		27E4982919B7864800639C30 /* Headers */ = {
			isa = PBXHeadersBuildPhase;
			buildActionMask = 2147483647;
			files = (
				27F79DC219B788B900E118DB /* NSDictionary+URLEncode.h in Headers */,
				27F79DC619B788B900E118DB /* NSString+Hashing.h in Headers */,
				27F79DCA19B788B900E118DB /* NSValue+URLEncode.h in Headers */,
				27F79DCD19B788C200E118DB /* FDLogger.h in Headers */,
				27F79DD419B788C200E118DB /* FDValueTransformer.h in Headers */,
				27F79DDA19B788CF00E118DB /* FDWeakReference.h in Headers */,
				27F79DBA19B788AF00E118DB /* NSArray+Accessing.h in Headers */,
				27F79DD019B788C200E118DB /* FDCache.h in Headers */,
				27F79DCE19B788C200E118DB /* FDKeypath.h in Headers */,
				27F79DCF19B788C200E118DB /* FDURLEncoding.h in Headers */,
				27F79DD819B788CA00E118DB /* NSObject+PropertyType.h in Headers */,
				27F79DD619B788CA00E118DB /* FDDeclaredProperty.h in Headers */,
				27F79DBE19B788B900E118DB /* NSDictionary+Accessing.h in Headers */,
				27F79DDC19B788CF00E118DB /* FDWeakMutableDictionary.h in Headers */,
				27F79DC019B788B900E118DB /* NSDictionary+Modifying.h in Headers */,
				27F79DCC19B788C200E118DB /* FDNullOrEmpty.h in Headers */,
				27F79DDE19B788ED00E118DB /* FDFoundationKit.h in Headers */,
				27F79DD219B788C200E118DB /* FDThreadSafeMutableDictionary.h in Headers */,
				27F79DC419B788B900E118DB /* NSObject+PerformBlock.h in Headers */,
				27F79DC819B788B900E118DB /* NSString+URLEncode.h in Headers */,
				27F79DBC19B788B900E118DB /* NSArray+URLEncode.h in Headers */,
			);
			runOnlyForDeploymentPostprocessing = 0;
		};
/* End PBXHeadersBuildPhase section */

/* Begin PBXNativeTarget section */
		2722325E18C26A180051677A /* FDFoundationKit iOS (Static) */ = {
			isa = PBXNativeTarget;
			buildConfigurationList = 2722328218C26A180051677A /* Build configuration list for PBXNativeTarget "FDFoundationKit iOS (Static)" */;
			buildPhases = (
				2722325B18C26A180051677A /* Sources */,
				2722325C18C26A180051677A /* Frameworks */,
				2722325D18C26A180051677A /* CopyFiles */,
			);
			buildRules = (
			);
			dependencies = (
			);
			name = "FDFoundationKit iOS (Static)";
			productName = "FDFoundationKit Static Library";
			productReference = 2722325F18C26A180051677A /* libFDFoundationKit.a */;
			productType = "com.apple.product-type.library.static";
		};
		2751AD8E19BFA84E00844BC5 /* FDFoundationKit iOS */ = {
			isa = PBXNativeTarget;
			buildConfigurationList = 2751AD9F19BFA84F00844BC5 /* Build configuration list for PBXNativeTarget "FDFoundationKit iOS" */;
			buildPhases = (
				2751AD8A19BFA84E00844BC5 /* Sources */,
				2751AD8B19BFA84E00844BC5 /* Frameworks */,
				2751AD8C19BFA84E00844BC5 /* Headers */,
				2751AD8D19BFA84E00844BC5 /* Resources */,
			);
			buildRules = (
			);
			dependencies = (
			);
			name = "FDFoundationKit iOS";
			productName = "FDFoundationKit iOS";
			productReference = 2751AD8F19BFA84E00844BC5 /* FDFoundationKit.framework */;
			productType = "com.apple.product-type.framework";
		};
		27E4982B19B7864800639C30 /* FDFoundationKit OS X */ = {
			isa = PBXNativeTarget;
			buildConfigurationList = 27E4985119B7864800639C30 /* Build configuration list for PBXNativeTarget "FDFoundationKit OS X" */;
			buildPhases = (
				27E4982719B7864800639C30 /* Sources */,
				27E4982819B7864800639C30 /* Frameworks */,
				27E4982919B7864800639C30 /* Headers */,
				27E4982A19B7864800639C30 /* Resources */,
			);
			buildRules = (
			);
			dependencies = (
			);
			name = "FDFoundationKit OS X";
			productName = "FDFoundation OS X";
			productReference = 27E4982C19B7864800639C30 /* FDFoundationKit.framework */;
			productType = "com.apple.product-type.framework";
		};
/* End PBXNativeTarget section */

/* Begin PBXProject section */
		2722325718C26A170051677A /* Project object */ = {
			isa = PBXProject;
			attributes = {
				LastUpgradeCheck = 0510;
				ORGANIZATIONNAME = "1414 Degrees";
				TargetAttributes = {
					2751AD8E19BFA84E00844BC5 = {
						CreatedOnToolsVersion = 6.0;
					};
				};
			};
			buildConfigurationList = 2722325A18C26A170051677A /* Build configuration list for PBXProject "FDFoundationKit" */;
			compatibilityVersion = "Xcode 3.2";
			developmentRegion = English;
			hasScannedForEncodings = 0;
			knownRegions = (
				en,
			);
			mainGroup = 2722325618C26A170051677A;
			productRefGroup = 2722326018C26A180051677A /* Products */;
			projectDirPath = "";
			projectRoot = "";
			targets = (
				2751AD8E19BFA84E00844BC5 /* FDFoundationKit iOS */,
				27E4982B19B7864800639C30 /* FDFoundationKit OS X */,
				2722325E18C26A180051677A /* FDFoundationKit iOS (Static) */,
			);
		};
/* End PBXProject section */

/* Begin PBXResourcesBuildPhase section */
		2751AD8D19BFA84E00844BC5 /* Resources */ = {
			isa = PBXResourcesBuildPhase;
			buildActionMask = 2147483647;
			files = (
			);
			runOnlyForDeploymentPostprocessing = 0;
		};
		27E4982A19B7864800639C30 /* Resources */ = {
			isa = PBXResourcesBuildPhase;
			buildActionMask = 2147483647;
			files = (
			);
			runOnlyForDeploymentPostprocessing = 0;
		};
/* End PBXResourcesBuildPhase section */

/* Begin PBXSourcesBuildPhase section */
		2722325B18C26A180051677A /* Sources */ = {
			isa = PBXSourcesBuildPhase;
			buildActionMask = 2147483647;
			files = (
				27604C2818C2709200FB085C /* NSArray+Accessing.m in Sources */,
				27A1F5D418CFF40900A77EDD /* NSDictionary+Modifying.m in Sources */,
				27604C2A18C2709200FB085C /* NSDictionary+URLEncode.m in Sources */,
				27604C2918C2709200FB085C /* NSDictionary+Accessing.m in Sources */,
				27604C2B18C2709200FB085C /* NSObject+PerformBlock.m in Sources */,
				270619FA193F6C07005C2F40 /* NSString+Hashing.m in Sources */,
				273A1A7918E4B28B004F96FE /* FDValueTransformer.m in Sources */,
				27604C2F18C2709200FB085C /* NSObject+PropertyType.m in Sources */,
				276F313F1940FF0B00116F6B /* FDCache.m in Sources */,
				27604C2C18C2709200FB085C /* NSString+URLEncode.m in Sources */,
				2752601619897F4D004DA285 /* NSArray+URLEncode.m in Sources */,
				27604C3018C2709200FB085C /* FDWeakMutableDictionary.m in Sources */,
				27604C2E18C2709200FB085C /* FDDeclaredProperty.m in Sources */,
				27604C2D18C2709200FB085C /* FDThreadSafeMutableDictionary.m in Sources */,
				27604C3118C2709200FB085C /* FDWeakReference.m in Sources */,
				2752601219897CC5004DA285 /* NSValue+URLEncode.m in Sources */,
			);
			runOnlyForDeploymentPostprocessing = 0;
		};
		2751AD8A19BFA84E00844BC5 /* Sources */ = {
			isa = PBXSourcesBuildPhase;
			buildActionMask = 2147483647;
			files = (
				2751ADCD19BFAB5C00844BC5 /* FDWeakMutableDictionary.m in Sources */,
				2751ADC519BFAB5400844BC5 /* FDCache.m in Sources */,
				2751ADC719BFAB5400844BC5 /* FDThreadSafeMutableDictionary.m in Sources */,
				2751ADCF19BFAB5F00844BC5 /* FDDeclaredProperty.m in Sources */,
				2751ADB719BFAB4D00844BC5 /* NSDictionary+URLEncode.m in Sources */,
				2751ADB919BFAB4D00844BC5 /* NSObject+PerformBlock.m in Sources */,
				2751ADB119BFAB4D00844BC5 /* NSArray+URLEncode.m in Sources */,
				2751ADC919BFAB5400844BC5 /* FDValueTransformer.m in Sources */,
				2751ADBD19BFAB4D00844BC5 /* NSString+URLEncode.m in Sources */,
				2751ADAF19BFAB4D00844BC5 /* NSArray+Accessing.m in Sources */,
				2751ADBB19BFAB4D00844BC5 /* NSString+Hashing.m in Sources */,
				2751ADB319BFAB4D00844BC5 /* NSDictionary+Accessing.m in Sources */,
				2751ADD119BFAB5F00844BC5 /* NSObject+PropertyType.m in Sources */,
				2751ADB519BFAB4D00844BC5 /* NSDictionary+Modifying.m in Sources */,
				2751ADCB19BFAB5C00844BC5 /* FDWeakReference.m in Sources */,
				2751ADBF19BFAB4D00844BC5 /* NSValue+URLEncode.m in Sources */,
			);
			runOnlyForDeploymentPostprocessing = 0;
		};
		27E4982719B7864800639C30 /* Sources */ = {
			isa = PBXSourcesBuildPhase;
			buildActionMask = 2147483647;
			files = (
				27F79DD119B788C200E118DB /* FDCache.m in Sources */,
				27F79DD319B788C200E118DB /* FDThreadSafeMutableDictionary.m in Sources */,
				27F79DC319B788B900E118DB /* NSDictionary+URLEncode.m in Sources */,
				27F79DC519B788B900E118DB /* NSObject+PerformBlock.m in Sources */,
				27F79DBD19B788B900E118DB /* NSArray+URLEncode.m in Sources */,
				27F79DD719B788CA00E118DB /* FDDeclaredProperty.m in Sources */,
				27F79DDD19B788CF00E118DB /* FDWeakMutableDictionary.m in Sources */,
				27F79DD519B788C200E118DB /* FDValueTransformer.m in Sources */,
				27F79DC919B788B900E118DB /* NSString+URLEncode.m in Sources */,
				27F79DBB19B788B500E118DB /* NSArray+Accessing.m in Sources */,
				27F79DC719B788B900E118DB /* NSString+Hashing.m in Sources */,
				27F79DD919B788CA00E118DB /* NSObject+PropertyType.m in Sources */,
				27F79DBF19B788B900E118DB /* NSDictionary+Accessing.m in Sources */,
				27F79DC119B788B900E118DB /* NSDictionary+Modifying.m in Sources */,
				27F79DCB19B788B900E118DB /* NSValue+URLEncode.m in Sources */,
				27F79DDB19B788CF00E118DB /* FDWeakReference.m in Sources */,
			);
			runOnlyForDeploymentPostprocessing = 0;
		};
/* End PBXSourcesBuildPhase section */

/* Begin XCBuildConfiguration section */
		2722328018C26A180051677A /* Debug */ = {
			isa = XCBuildConfiguration;
			buildSettings = {
				ALWAYS_SEARCH_USER_PATHS = NO;
				CLANG_CXX_LANGUAGE_STANDARD = "gnu++0x";
				CLANG_CXX_LIBRARY = "libc++";
				CLANG_ENABLE_MODULES = YES;
				CLANG_ENABLE_OBJC_ARC = YES;
				CLANG_WARN_BOOL_CONVERSION = YES;
				CLANG_WARN_CONSTANT_CONVERSION = YES;
				CLANG_WARN_DIRECT_OBJC_ISA_USAGE = YES_ERROR;
				CLANG_WARN_EMPTY_BODY = YES;
				CLANG_WARN_ENUM_CONVERSION = YES;
				CLANG_WARN_INT_CONVERSION = YES;
				CLANG_WARN_OBJC_ROOT_CLASS = YES_ERROR;
				CLANG_WARN_UNREACHABLE_CODE = YES;
				CLANG_WARN__DUPLICATE_METHOD_MATCH = YES;
				COPY_PHASE_STRIP = NO;
				GCC_C_LANGUAGE_STANDARD = gnu99;
				GCC_DYNAMIC_NO_PIC = NO;
				GCC_OPTIMIZATION_LEVEL = 0;
				GCC_PREPROCESSOR_DEFINITIONS = DEBUG;
				GCC_SYMBOLS_PRIVATE_EXTERN = NO;
				GCC_WARN_64_TO_32_BIT_CONVERSION = YES;
				GCC_WARN_ABOUT_RETURN_TYPE = YES_ERROR;
				GCC_WARN_UNDECLARED_SELECTOR = YES;
				GCC_WARN_UNINITIALIZED_AUTOS = YES_AGGRESSIVE;
				GCC_WARN_UNUSED_FUNCTION = YES;
				GCC_WARN_UNUSED_VARIABLE = YES;
				IPHONEOS_DEPLOYMENT_TARGET = 7.0;
				PRODUCT_NAME = FDFoundationKit;
				SDKROOT = iphoneos;
				TARGETED_DEVICE_FAMILY = "1,2";
			};
			name = Debug;
		};
		2722328118C26A180051677A /* Release */ = {
			isa = XCBuildConfiguration;
			buildSettings = {
				ALWAYS_SEARCH_USER_PATHS = NO;
				CLANG_CXX_LANGUAGE_STANDARD = "gnu++0x";
				CLANG_CXX_LIBRARY = "libc++";
				CLANG_ENABLE_MODULES = YES;
				CLANG_ENABLE_OBJC_ARC = YES;
				CLANG_WARN_BOOL_CONVERSION = YES;
				CLANG_WARN_CONSTANT_CONVERSION = YES;
				CLANG_WARN_DIRECT_OBJC_ISA_USAGE = YES_ERROR;
				CLANG_WARN_EMPTY_BODY = YES;
				CLANG_WARN_ENUM_CONVERSION = YES;
				CLANG_WARN_INT_CONVERSION = YES;
				CLANG_WARN_OBJC_ROOT_CLASS = YES_ERROR;
				CLANG_WARN_UNREACHABLE_CODE = YES;
				CLANG_WARN__DUPLICATE_METHOD_MATCH = YES;
				COPY_PHASE_STRIP = YES;
				ENABLE_NS_ASSERTIONS = NO;
				GCC_C_LANGUAGE_STANDARD = gnu99;
				GCC_WARN_64_TO_32_BIT_CONVERSION = YES;
				GCC_WARN_ABOUT_RETURN_TYPE = YES_ERROR;
				GCC_WARN_UNDECLARED_SELECTOR = YES;
				GCC_WARN_UNINITIALIZED_AUTOS = YES_AGGRESSIVE;
				GCC_WARN_UNUSED_FUNCTION = YES;
				GCC_WARN_UNUSED_VARIABLE = YES;
				IPHONEOS_DEPLOYMENT_TARGET = 7.0;
				PRODUCT_NAME = FDFoundationKit;
				SDKROOT = iphoneos;
				TARGETED_DEVICE_FAMILY = "1,2";
				VALIDATE_PRODUCT = YES;
			};
			name = Release;
		};
		2722328318C26A180051677A /* Debug */ = {
			isa = XCBuildConfiguration;
			buildSettings = {
				OTHER_LDFLAGS = "-ObjC";
				SKIP_INSTALL = YES;
			};
			name = Debug;
		};
		2722328418C26A180051677A /* Release */ = {
			isa = XCBuildConfiguration;
			buildSettings = {
				OTHER_LDFLAGS = "-ObjC";
				SKIP_INSTALL = YES;
			};
			name = Release;
		};
		2751ADA019BFA84F00844BC5 /* Debug */ = {
			isa = XCBuildConfiguration;
			buildSettings = {
				CURRENT_PROJECT_VERSION = 1;
				DEFINES_MODULE = YES;
				DYLIB_COMPATIBILITY_VERSION = 1;
				DYLIB_CURRENT_VERSION = 1;
				DYLIB_INSTALL_NAME_BASE = "@rpath";
				ENABLE_STRICT_OBJC_MSGSEND = YES;
				INFOPLIST_FILE = "iOS Supporting Files/Info.plist";
				IPHONEOS_DEPLOYMENT_TARGET = 8.0;
				LD_RUNPATH_SEARCH_PATHS = "$(inherited) @executable_path/Frameworks @loader_path/Frameworks";
				SKIP_INSTALL = YES;
				VERSIONING_SYSTEM = "apple-generic";
				VERSION_INFO_PREFIX = "";
			};
			name = Debug;
		};
		2751ADA119BFA84F00844BC5 /* Release */ = {
			isa = XCBuildConfiguration;
			buildSettings = {
				CURRENT_PROJECT_VERSION = 1;
				DEFINES_MODULE = YES;
				DYLIB_COMPATIBILITY_VERSION = 1;
				DYLIB_CURRENT_VERSION = 1;
				DYLIB_INSTALL_NAME_BASE = "@rpath";
				ENABLE_STRICT_OBJC_MSGSEND = YES;
				INFOPLIST_FILE = "iOS Supporting Files/Info.plist";
				IPHONEOS_DEPLOYMENT_TARGET = 8.0;
				LD_RUNPATH_SEARCH_PATHS = "$(inherited) @executable_path/Frameworks @loader_path/Frameworks";
				SKIP_INSTALL = YES;
				VERSIONING_SYSTEM = "apple-generic";
				VERSION_INFO_PREFIX = "";
			};
			name = Release;
		};
		27E4985219B7864800639C30 /* Debug */ = {
			isa = XCBuildConfiguration;
			buildSettings = {
				COMBINE_HIDPI_IMAGES = YES;
				CURRENT_PROJECT_VERSION = 1;
				DEFINES_MODULE = YES;
				DYLIB_COMPATIBILITY_VERSION = 1;
				DYLIB_CURRENT_VERSION = 1;
				DYLIB_INSTALL_NAME_BASE = "@rpath";
				ENABLE_STRICT_OBJC_MSGSEND = YES;
				FRAMEWORK_VERSION = A;
				INFOPLIST_FILE = "OS X Supporting Files/Info.plist";
				LD_RUNPATH_SEARCH_PATHS = "$(inherited) @executable_path/../Frameworks @loader_path/Frameworks";
				MACOSX_DEPLOYMENT_TARGET = 10.9;
				SDKROOT = macosx;
				SKIP_INSTALL = YES;
				VERSIONING_SYSTEM = "apple-generic";
				VERSION_INFO_PREFIX = "";
			};
			name = Debug;
		};
		27E4985319B7864800639C30 /* Release */ = {
			isa = XCBuildConfiguration;
			buildSettings = {
				COMBINE_HIDPI_IMAGES = YES;
				CURRENT_PROJECT_VERSION = 1;
				DEBUG_INFORMATION_FORMAT = "dwarf-with-dsym";
				DEFINES_MODULE = YES;
				DYLIB_COMPATIBILITY_VERSION = 1;
				DYLIB_CURRENT_VERSION = 1;
				DYLIB_INSTALL_NAME_BASE = "@rpath";
				ENABLE_STRICT_OBJC_MSGSEND = YES;
				FRAMEWORK_VERSION = A;
				INFOPLIST_FILE = "OS X Supporting Files/Info.plist";
				LD_RUNPATH_SEARCH_PATHS = "$(inherited) @executable_path/../Frameworks @loader_path/Frameworks";
				MACOSX_DEPLOYMENT_TARGET = 10.9;
				SDKROOT = macosx;
				SKIP_INSTALL = YES;
				VERSIONING_SYSTEM = "apple-generic";
				VERSION_INFO_PREFIX = "";
			};
			name = Release;
		};
/* End XCBuildConfiguration section */

/* Begin XCConfigurationList section */
		2722325A18C26A170051677A /* Build configuration list for PBXProject "FDFoundationKit" */ = {
			isa = XCConfigurationList;
			buildConfigurations = (
				2722328018C26A180051677A /* Debug */,
				2722328118C26A180051677A /* Release */,
			);
			defaultConfigurationIsVisible = 0;
			defaultConfigurationName = Release;
		};
		2722328218C26A180051677A /* Build configuration list for PBXNativeTarget "FDFoundationKit iOS (Static)" */ = {
			isa = XCConfigurationList;
			buildConfigurations = (
				2722328318C26A180051677A /* Debug */,
				2722328418C26A180051677A /* Release */,
			);
			defaultConfigurationIsVisible = 0;
			defaultConfigurationName = Release;
		};
		2751AD9F19BFA84F00844BC5 /* Build configuration list for PBXNativeTarget "FDFoundationKit iOS" */ = {
			isa = XCConfigurationList;
			buildConfigurations = (
				2751ADA019BFA84F00844BC5 /* Debug */,
				2751ADA119BFA84F00844BC5 /* Release */,
			);
			defaultConfigurationIsVisible = 0;
		};
		27E4985119B7864800639C30 /* Build configuration list for PBXNativeTarget "FDFoundationKit OS X" */ = {
			isa = XCConfigurationList;
			buildConfigurations = (
				27E4985219B7864800639C30 /* Debug */,
				27E4985319B7864800639C30 /* Release */,
			);
			defaultConfigurationIsVisible = 0;
			defaultConfigurationName = Release;
		};
/* End XCConfigurationList section */
	};
	rootObject = 2722325718C26A170051677A /* Project object */;
}
